
Microsoft Visual Studio Solution File, Format Version 12.00
# Visual Studio Version 17
VisualStudioVersion = 17.2.32616.157
MinimumVisualStudioVersion = 10.0.40219.1
Project("{FAE04EC0-301F-11D3-BF4B-00C04F79EFBC}") = "csharp-biblioteca", "csharp-biblioteca.csproj", "{995DAF6C-DDAF-4EE8-A433-3CC2372C001B}"
EndProject
Global
	GlobalSection(SolutionConfigurationPlatforms) = preSolution
		Debug|Any CPU = Debug|Any CPU
		Release|Any CPU = Release|Any CPU
	EndGlobalSection
	GlobalSection(ProjectConfigurationPlatforms) = postSolution
		{995DAF6C-DDAF-4EE8-A433-3CC2372C001B}.Debug|Any CPU.ActiveCfg = Debug|Any CPU
		{995DAF6C-DDAF-4EE8-A433-3CC2372C001B}.Debug|Any CPU.Build.0 = Debug|Any CPU
		{995DAF6C-DDAF-4EE8-A433-3CC2372C001B}.Release|Any CPU.ActiveCfg = Release|Any CPU
		{995DAF6C-DDAF-4EE8-A433-3CC2372C001B}.Release|Any CPU.Build.0 = Release|Any CPU
	EndGlobalSection
	GlobalSection(SolutionProperties) = preSolution
		HideSolutionNode = FALSE
	EndGlobalSection
	GlobalSection(ExtensibilityGlobals) = postSolution
		SolutionGuid = {DFAB9132-EB45-4D80-99DD-BBC822DCCF6D}
	EndGlobalSection
EndGlobal
